
Microsoft Visual Studio Solution File, Format Version 12.00
# Visual Studio Version 17
VisualStudioVersion = 17.1.32210.238
MinimumVisualStudioVersion = 10.0.40219.1
Project("{FAE04EC0-301F-11D3-BF4B-00C04F79EFBC}") = "SandBoxJourney", "SandBoxJourney\SandBoxJourney.csproj", "{E6271A5E-3711-40DE-A53D-CDCF8FE44713}"
EndProject
Global
	GlobalSection(SolutionConfigurationPlatforms) = preSolution
		Debug|Any CPU = Debug|Any CPU
		Release|Any CPU = Release|Any CPU
	EndGlobalSection
	GlobalSection(ProjectConfigurationPlatforms) = postSolution
		{E6271A5E-3711-40DE-A53D-CDCF8FE44713}.Debug|Any CPU.ActiveCfg = Debug|Any CPU
		{E6271A5E-3711-40DE-A53D-CDCF8FE44713}.Debug|Any CPU.Build.0 = Debug|Any CPU
		{E6271A5E-3711-40DE-A53D-CDCF8FE44713}.Release|Any CPU.ActiveCfg = Release|Any CPU
		{E6271A5E-3711-40DE-A53D-CDCF8FE44713}.Release|Any CPU.Build.0 = Release|Any CPU
	EndGlobalSection
	GlobalSection(SolutionProperties) = preSolution
		HideSolutionNode = FALSE
	EndGlobalSection
	GlobalSection(ExtensibilityGlobals) = postSolution
		SolutionGuid = {2273CF64-2E2B-434A-AF5F-5B28B961B8CD}
	EndGlobalSection
EndGlobal
